// !$*UTF8*$!
{
	archiveVersion = 1;
	classes = {
	};
	objectVersion = 48;
	objects = {

/* Begin PBXBuildFile section */
		0E2E554268886A3CFA6680D5 /* Pods_FitTime.framework in Frameworks */ = {isa = PBXBuildFile; fileRef = 539266341C73515F7BE420EC /* Pods_FitTime.framework */; };
		470110051FFB08C000AA4D9D /* AppDelegate.swift in Sources */ = {isa = PBXBuildFile; fileRef = 470110041FFB08C000AA4D9D /* AppDelegate.swift */; };
		470110071FFB08C000AA4D9D /* ViewController.swift in Sources */ = {isa = PBXBuildFile; fileRef = 470110061FFB08C000AA4D9D /* ViewController.swift */; };
		4701100A1FFB08C100AA4D9D /* Main.storyboard in Resources */ = {isa = PBXBuildFile; fileRef = 470110081FFB08C000AA4D9D /* Main.storyboard */; };
		4701100D1FFB08C100AA4D9D /* FitTime.xcdatamodeld in Sources */ = {isa = PBXBuildFile; fileRef = 4701100B1FFB08C100AA4D9D /* FitTime.xcdatamodeld */; };
		4701100F1FFB08C100AA4D9D /* Assets.xcassets in Resources */ = {isa = PBXBuildFile; fileRef = 4701100E1FFB08C100AA4D9D /* Assets.xcassets */; };
		470110121FFB08C100AA4D9D /* LaunchScreen.storyboard in Resources */ = {isa = PBXBuildFile; fileRef = 470110101FFB08C100AA4D9D /* LaunchScreen.storyboard */; };
		4718FC20222E47DB00CECA3F /* AddSetsSecondaryHeaderTableviewCell.xib in Resources */ = {isa = PBXBuildFile; fileRef = 4718FC1F222E47DB00CECA3F /* AddSetsSecondaryHeaderTableviewCell.xib */; };
		473029D52161877000B75C98 /* ResultsWorkoutViewController.swift in Sources */ = {isa = PBXBuildFile; fileRef = 473029D42161877000B75C98 /* ResultsWorkoutViewController.swift */; };
		473029D82163D6A000B75C98 /* HealthKit.framework in Frameworks */ = {isa = PBXBuildFile; fileRef = 473029D72163D6A000B75C98 /* HealthKit.framework */; };
		473029DA2163DC7800B75C98 /* WorkoutInterfaceController.swift in Sources */ = {isa = PBXBuildFile; fileRef = 473029D92163DC7800B75C98 /* WorkoutInterfaceController.swift */; };
		473029DC216AF2A500B75C98 /* WorkoutControlInterfaceController.swift in Sources */ = {isa = PBXBuildFile; fileRef = 473029DB216AF2A400B75C98 /* WorkoutControlInterfaceController.swift */; };
		473029DE216AF37300B75C98 /* WorkoutListInterfaceController.swift in Sources */ = {isa = PBXBuildFile; fileRef = 473029DD216AF37300B75C98 /* WorkoutListInterfaceController.swift */; };
		4734FF842200356F0083A2E4 /* CreateWorkoutExerciseCollectionViewCell.xib in Resources */ = {isa = PBXBuildFile; fileRef = 4734FF832200356E0083A2E4 /* CreateWorkoutExerciseCollectionViewCell.xib */; };
		4734FF8622003B990083A2E4 /* CreateWorkoutExerciseCollectionViewCell.swift in Sources */ = {isa = PBXBuildFile; fileRef = 4734FF8522003B990083A2E4 /* CreateWorkoutExerciseCollectionViewCell.swift */; };
		473A52D7201EF17C008C8CE3 /* FTAnimation.swift in Sources */ = {isa = PBXBuildFile; fileRef = 473A52D6201EF17C008C8CE3 /* FTAnimation.swift */; };
		4761EAB822129DBE00113088 /* CreateWorkoutSectionHeaderView.xib in Resources */ = {isa = PBXBuildFile; fileRef = 4761EAB722129DBD00113088 /* CreateWorkoutSectionHeaderView.xib */; };
		4761EABA2217DAAE00113088 /* FilterCollectionViewCell.xib in Resources */ = {isa = PBXBuildFile; fileRef = 4761EAB92217DAAA00113088 /* FilterCollectionViewCell.xib */; };
		4761EABC2217DBAD00113088 /* Filter.swift in Sources */ = {isa = PBXBuildFile; fileRef = 4761EABB2217DBAD00113088 /* Filter.swift */; };
		4762C4C81FFF54AE006BDDC0 /* TimerBuilder.swift in Sources */ = {isa = PBXBuildFile; fileRef = 4762C4C71FFF54AE006BDDC0 /* TimerBuilder.swift */; };
		4763B1F91FFDE01100C94216 /* ExerciseRefinementViewController.swift in Sources */ = {isa = PBXBuildFile; fileRef = 4763B1F81FFDE01000C94216 /* ExerciseRefinementViewController.swift */; };
		4769FD9C223B7E260059866D /* BasicTableHeaderView.xib in Resources */ = {isa = PBXBuildFile; fileRef = 4769FD9B223B7E260059866D /* BasicTableHeaderView.xib */; };
		4769FD9E223B7FBB0059866D /* MusclesInvolvedCell.xib in Resources */ = {isa = PBXBuildFile; fileRef = 4769FD9D223B7FBB0059866D /* MusclesInvolvedCell.xib */; };
		4769FDA0224205DD0059866D /* MuscleHistoryTopTableViewCell.xib in Resources */ = {isa = PBXBuildFile; fileRef = 4769FD9F224205DC0059866D /* MuscleHistoryTopTableViewCell.xib */; };
		4769FDA22242082E0059866D /* MuscleHistoryTableViewCell.xib in Resources */ = {isa = PBXBuildFile; fileRef = 4769FDA12242082E0059866D /* MuscleHistoryTableViewCell.xib */; };
		477859BC221E89BF00115C05 /* Exercise.storyboard in Resources */ = {isa = PBXBuildFile; fileRef = 477859BB221E89BF00115C05 /* Exercise.storyboard */; };
		477A7533222656FF00438226 /* AddSetsHeaderTableviewCell.xib in Resources */ = {isa = PBXBuildFile; fileRef = 477A7532222656FF00438226 /* AddSetsHeaderTableviewCell.xib */; };
		477A7535222660B800438226 /* AddSetsRowTableviewCell.xib in Resources */ = {isa = PBXBuildFile; fileRef = 477A7534222660B800438226 /* AddSetsRowTableviewCell.xib */; };
		477A75372226651800438226 /* AddSetsAddRemoveTableviewCell.xib in Resources */ = {isa = PBXBuildFile; fileRef = 477A75362226651800438226 /* AddSetsAddRemoveTableviewCell.xib */; };
		477A75392226684F00438226 /* AddSetsKeyboardAccessoryView.xib in Resources */ = {isa = PBXBuildFile; fileRef = 477A75382226684F00438226 /* AddSetsKeyboardAccessoryView.xib */; };
		477A753B2229039000438226 /* AddSets.swift in Sources */ = {isa = PBXBuildFile; fileRef = 477A753A2229039000438226 /* AddSets.swift */; };
		4797DA642033F70C00FFB4F8 /* RootSwipeViewController.swift in Sources */ = {isa = PBXBuildFile; fileRef = 4797DA632033F70C00FFB4F8 /* RootSwipeViewController.swift */; };
		479F870D21FD8C5A00A61C9B /* NestedCollectionTableViewCell.xib in Resources */ = {isa = PBXBuildFile; fileRef = 479F870C21FD8C5900A61C9B /* NestedCollectionTableViewCell.xib */; };
		479F870F21FD8D9F00A61C9B /* NestedCollectionTableViewCell.swift in Sources */ = {isa = PBXBuildFile; fileRef = 479F870E21FD8D9F00A61C9B /* NestedCollectionTableViewCell.swift */; };
		479F871121FD8FCC00A61C9B /* WorkoutNextCollectionViewCell.xib in Resources */ = {isa = PBXBuildFile; fileRef = 479F871021FD8FCC00A61C9B /* WorkoutNextCollectionViewCell.xib */; };
		479F871321FE7A3700A61C9B /* LibraryWorkoutsSectionHeader.xib in Resources */ = {isa = PBXBuildFile; fileRef = 479F871221FE7A3700A61C9B /* LibraryWorkoutsSectionHeader.xib */; };
		479F871521FE80DF00A61C9B /* LibraryWorkoutCollectionViewCell.xib in Resources */ = {isa = PBXBuildFile; fileRef = 479F871421FE80DF00A61C9B /* LibraryWorkoutCollectionViewCell.xib */; };
		479F871721FE94D800A61C9B /* WorkoutCollectableCollectionViewCell.xib in Resources */ = {isa = PBXBuildFile; fileRef = 479F871621FE94D800A61C9B /* WorkoutCollectableCollectionViewCell.xib */; };
		47A9D27B217CF06600ABA3C9 /* WorkoutCell.xib in Resources */ = {isa = PBXBuildFile; fileRef = 47A9D27A217CF06600ABA3C9 /* WorkoutCell.xib */; };
		47AD1522223B79C500ED904B /* SummaryViewController.swift in Sources */ = {isa = PBXBuildFile; fileRef = 47AD1521223B79C500ED904B /* SummaryViewController.swift */; };
		47C0A2E21FFB152400C22A2E /* CreateExerciseViewController.swift in Sources */ = {isa = PBXBuildFile; fileRef = 47C0A2E11FFB152400C22A2E /* CreateExerciseViewController.swift */; };
		47C0A2E41FFB153800C22A2E /* CreateWorkoutViewController.swift in Sources */ = {isa = PBXBuildFile; fileRef = 47C0A2E31FFB153800C22A2E /* CreateWorkoutViewController.swift */; };
		47C0A2E61FFB154400C22A2E /* OnWorkoutViewController.swift in Sources */ = {isa = PBXBuildFile; fileRef = 47C0A2E51FFB154400C22A2E /* OnWorkoutViewController.swift */; };
		47C0A2E81FFB155E00C22A2E /* OffWorkoutViewController.swift in Sources */ = {isa = PBXBuildFile; fileRef = 47C0A2E71FFB155E00C22A2E /* OffWorkoutViewController.swift */; };
		47C0A2EA1FFB177100C22A2E /* Exercise.swift in Sources */ = {isa = PBXBuildFile; fileRef = 47C0A2E91FFB177100C22A2E /* Exercise.swift */; };
		47C0A2EC1FFB1A5200C22A2E /* Workout.swift in Sources */ = {isa = PBXBuildFile; fileRef = 47C0A2EB1FFB1A5200C22A2E /* Workout.swift */; };
		47C0A2EE1FFB2A8F00C22A2E /* RootViewController.swift in Sources */ = {isa = PBXBuildFile; fileRef = 47C0A2ED1FFB2A8F00C22A2E /* RootViewController.swift */; };
		47C0A2F01FFB2ADB00C22A2E /* ExercisesViewController.swift in Sources */ = {isa = PBXBuildFile; fileRef = 47C0A2EF1FFB2ADB00C22A2E /* ExercisesViewController.swift */; };
		47C0A2F21FFB2AE700C22A2E /* WorkoutsViewController.swift in Sources */ = {isa = PBXBuildFile; fileRef = 47C0A2F11FFB2AE700C22A2E /* WorkoutsViewController.swift */; };
		47C0A2F41FFB396200C22A2E /* ExercisePhase.swift in Sources */ = {isa = PBXBuildFile; fileRef = 47C0A2F31FFB396200C22A2E /* ExercisePhase.swift */; };
		47C0A2F61FFB4A8100C22A2E /* CreatePhaseViewController.swift in Sources */ = {isa = PBXBuildFile; fileRef = 47C0A2F51FFB4A8100C22A2E /* CreatePhaseViewController.swift */; };
		47CA6A302031226700E213CF /* ColorLibrary.swift in Sources */ = {isa = PBXBuildFile; fileRef = 47CA6A2F2031226700E213CF /* ColorLibrary.swift */; };
		47CCC04B22068B24007CB338 /* Rubik-BlackItalic.ttf in Resources */ = {isa = PBXBuildFile; fileRef = 47CCC04122068B1F007CB338 /* Rubik-BlackItalic.ttf */; };
		47CCC04C22068B24007CB338 /* Rubik-Italic.ttf in Resources */ = {isa = PBXBuildFile; fileRef = 47CCC04222068B20007CB338 /* Rubik-Italic.ttf */; };
		47CCC04D22068B24007CB338 /* Rubik-Medium.ttf in Resources */ = {isa = PBXBuildFile; fileRef = 47CCC04322068B20007CB338 /* Rubik-Medium.ttf */; };
		47CCC04E22068B24007CB338 /* Rubik-Regular.ttf in Resources */ = {isa = PBXBuildFile; fileRef = 47CCC04422068B20007CB338 /* Rubik-Regular.ttf */; };
		47CCC04F22068B24007CB338 /* Rubik-MediumItalic.ttf in Resources */ = {isa = PBXBuildFile; fileRef = 47CCC04522068B21007CB338 /* Rubik-MediumItalic.ttf */; };
		47CCC05022068B24007CB338 /* Rubik-Light.ttf in Resources */ = {isa = PBXBuildFile; fileRef = 47CCC04622068B21007CB338 /* Rubik-Light.ttf */; };
		47CCC05122068B24007CB338 /* Rubik-BoldItalic.ttf in Resources */ = {isa = PBXBuildFile; fileRef = 47CCC04722068B22007CB338 /* Rubik-BoldItalic.ttf */; };
		47CCC05222068B24007CB338 /* Rubik-Black.ttf in Resources */ = {isa = PBXBuildFile; fileRef = 47CCC04822068B22007CB338 /* Rubik-Black.ttf */; };
		47CCC05322068B24007CB338 /* Rubik-Bold.ttf in Resources */ = {isa = PBXBuildFile; fileRef = 47CCC04922068B23007CB338 /* Rubik-Bold.ttf */; };
		47CCC05422068B24007CB338 /* Rubik-LightItalic.ttf in Resources */ = {isa = PBXBuildFile; fileRef = 47CCC04A22068B23007CB338 /* Rubik-LightItalic.ttf */; };
		47CCC05622068B2D007CB338 /* Questrial-Regular.ttf in Resources */ = {isa = PBXBuildFile; fileRef = 47CCC05522068B2C007CB338 /* Questrial-Regular.ttf */; };
		47CCC05922068C76007CB338 /* Fonts.swift in Sources */ = {isa = PBXBuildFile; fileRef = 47CCC05822068C76007CB338 /* Fonts.swift */; };
		47CFD26E221BC89300F57F9B /* BasicHeaderView.xib in Resources */ = {isa = PBXBuildFile; fileRef = 47CFD26D221BC89300F57F9B /* BasicHeaderView.xib */; };
		47CFD271221E88BA00F57F9B /* ExerciseDetail.swift in Sources */ = {isa = PBXBuildFile; fileRef = 47CFD270221E88B900F57F9B /* ExerciseDetail.swift */; };
		47DA9529201EA6FC00DCD523 /* ExerciseCollectionViewCell.swift in Sources */ = {isa = PBXBuildFile; fileRef = 47DA9528201EA6FB00DCD523 /* ExerciseCollectionViewCell.swift */; };
		47DA952B201EA70C00DCD523 /* ExerciseCollectionViewCell.xib in Resources */ = {isa = PBXBuildFile; fileRef = 47DA952A201EA70C00DCD523 /* ExerciseCollectionViewCell.xib */; };
		47DBAE31216098F900CEC2F1 /* HealthKit.framework in Frameworks */ = {isa = PBXBuildFile; fileRef = 47DBAE30216098F900CEC2F1 /* HealthKit.framework */; };
		47DBAE332160996000CEC2F1 /* HealthManager.swift in Sources */ = {isa = PBXBuildFile; fileRef = 47DBAE322160996000CEC2F1 /* HealthManager.swift */; };
		47DBAE3A2160A00200CEC2F1 /* Interface.storyboard in Resources */ = {isa = PBXBuildFile; fileRef = 47DBAE382160A00200CEC2F1 /* Interface.storyboard */; };
		47DBAE3C2160A00A00CEC2F1 /* Assets.xcassets in Resources */ = {isa = PBXBuildFile; fileRef = 47DBAE3B2160A00A00CEC2F1 /* Assets.xcassets */; };
		47DBAE432160A00A00CEC2F1 /* FitRisersWatch Extension.appex in Embed App Extensions */ = {isa = PBXBuildFile; fileRef = 47DBAE422160A00A00CEC2F1 /* FitRisersWatch Extension.appex */; settings = {ATTRIBUTES = (RemoveHeadersOnCopy, ); }; };
		47DBAE482160A00A00CEC2F1 /* InterfaceController.swift in Sources */ = {isa = PBXBuildFile; fileRef = 47DBAE472160A00A00CEC2F1 /* InterfaceController.swift */; };
		47DBAE4A2160A00A00CEC2F1 /* ExtensionDelegate.swift in Sources */ = {isa = PBXBuildFile; fileRef = 47DBAE492160A00A00CEC2F1 /* ExtensionDelegate.swift */; };
		47DBAE4C2160A00A00CEC2F1 /* NotificationController.swift in Sources */ = {isa = PBXBuildFile; fileRef = 47DBAE4B2160A00A00CEC2F1 /* NotificationController.swift */; };
		47DBAE4E2160A00A00CEC2F1 /* ComplicationController.swift in Sources */ = {isa = PBXBuildFile; fileRef = 47DBAE4D2160A00A00CEC2F1 /* ComplicationController.swift */; };
		47DBAE502160A00B00CEC2F1 /* Assets.xcassets in Resources */ = {isa = PBXBuildFile; fileRef = 47DBAE4F2160A00B00CEC2F1 /* Assets.xcassets */; };
		47DBAE552160A00B00CEC2F1 /* FitRisersWatch.app in Embed Watch Content */ = {isa = PBXBuildFile; fileRef = 47DBAE362160A00200CEC2F1 /* FitRisersWatch.app */; };
		47DBAE612160A64700CEC2F1 /* WatchConnectivityManager.swift in Sources */ = {isa = PBXBuildFile; fileRef = 47DBAE602160A64700CEC2F1 /* WatchConnectivityManager.swift */; };
		47DBAE622160A64700CEC2F1 /* WatchConnectivityManager.swift in Sources */ = {isa = PBXBuildFile; fileRef = 47DBAE602160A64700CEC2F1 /* WatchConnectivityManager.swift */; };
/* End PBXBuildFile section */

/* Begin PBXContainerItemProxy section */
		47DBAE442160A00A00CEC2F1 /* PBXContainerItemProxy */ = {
			isa = PBXContainerItemProxy;
			containerPortal = 47010FF91FFB08C000AA4D9D /* Project object */;
			proxyType = 1;
			remoteGlobalIDString = 47DBAE412160A00A00CEC2F1;
			remoteInfo = "FitRisersWatch Extension";
		};
		47DBAE532160A00B00CEC2F1 /* PBXContainerItemProxy */ = {
			isa = PBXContainerItemProxy;
			containerPortal = 47010FF91FFB08C000AA4D9D /* Project object */;
			proxyType = 1;
			remoteGlobalIDString = 47DBAE352160A00200CEC2F1;
			remoteInfo = FitRisersWatch;
		};
/* End PBXContainerItemProxy section */

/* Begin PBXCopyFilesBuildPhase section */
		47DBAE5A2160A00B00CEC2F1 /* Embed App Extensions */ = {
			isa = PBXCopyFilesBuildPhase;
			buildActionMask = 2147483647;
			dstPath = "";
			dstSubfolderSpec = 13;
			files = (
				47DBAE432160A00A00CEC2F1 /* FitRisersWatch Extension.appex in Embed App Extensions */,
			);
			name = "Embed App Extensions";
			runOnlyForDeploymentPostprocessing = 0;
		};
		47DBAE5F2160A00B00CEC2F1 /* Embed Watch Content */ = {
			isa = PBXCopyFilesBuildPhase;
			buildActionMask = 2147483647;
			dstPath = "$(CONTENTS_FOLDER_PATH)/Watch";
			dstSubfolderSpec = 16;
			files = (
				47DBAE552160A00B00CEC2F1 /* FitRisersWatch.app in Embed Watch Content */,
			);
			name = "Embed Watch Content";
			runOnlyForDeploymentPostprocessing = 0;
		};
/* End PBXCopyFilesBuildPhase section */

/* Begin PBXFileReference section */
		465BA40176C2900D9D63B46D /* Pods-FitTime.release.xcconfig */ = {isa = PBXFileReference; includeInIndex = 1; lastKnownFileType = text.xcconfig; name = "Pods-FitTime.release.xcconfig"; path = "Pods/Target Support Files/Pods-FitTime/Pods-FitTime.release.xcconfig"; sourceTree = "<group>"; };
		470110011FFB08C000AA4D9D /* FitTime.app */ = {isa = PBXFileReference; explicitFileType = wrapper.application; includeInIndex = 0; path = FitTime.app; sourceTree = BUILT_PRODUCTS_DIR; };
		470110041FFB08C000AA4D9D /* AppDelegate.swift */ = {isa = PBXFileReference; lastKnownFileType = sourcecode.swift; path = AppDelegate.swift; sourceTree = "<group>"; };
		470110061FFB08C000AA4D9D /* ViewController.swift */ = {isa = PBXFileReference; lastKnownFileType = sourcecode.swift; path = ViewController.swift; sourceTree = "<group>"; };
		470110091FFB08C000AA4D9D /* Base */ = {isa = PBXFileReference; lastKnownFileType = file.storyboard; name = Base; path = Base.lproj/Main.storyboard; sourceTree = "<group>"; };
		4701100C1FFB08C100AA4D9D /* FitTime.xcdatamodel */ = {isa = PBXFileReference; lastKnownFileType = wrapper.xcdatamodel; path = FitTime.xcdatamodel; sourceTree = "<group>"; };
		4701100E1FFB08C100AA4D9D /* Assets.xcassets */ = {isa = PBXFileReference; lastKnownFileType = folder.assetcatalog; path = Assets.xcassets; sourceTree = "<group>"; };
		470110111FFB08C100AA4D9D /* Base */ = {isa = PBXFileReference; lastKnownFileType = file.storyboard; name = Base; path = Base.lproj/LaunchScreen.storyboard; sourceTree = "<group>"; };
		470110131FFB08C100AA4D9D /* Info.plist */ = {isa = PBXFileReference; lastKnownFileType = text.plist.xml; path = Info.plist; sourceTree = "<group>"; };
		4718FC1F222E47DB00CECA3F /* AddSetsSecondaryHeaderTableviewCell.xib */ = {isa = PBXFileReference; lastKnownFileType = file.xib; path = AddSetsSecondaryHeaderTableviewCell.xib; sourceTree = "<group>"; };
		473029D42161877000B75C98 /* ResultsWorkoutViewController.swift */ = {isa = PBXFileReference; lastKnownFileType = sourcecode.swift; path = ResultsWorkoutViewController.swift; sourceTree = "<group>"; };
		473029D62163D69900B75C98 /* FitRisersWatch Extension.entitlements */ = {isa = PBXFileReference; lastKnownFileType = text.plist.entitlements; path = "FitRisersWatch Extension.entitlements"; sourceTree = "<group>"; };
		473029D72163D6A000B75C98 /* HealthKit.framework */ = {isa = PBXFileReference; lastKnownFileType = wrapper.framework; name = HealthKit.framework; path = Platforms/WatchOS.platform/Developer/SDKs/WatchOS5.1.sdk/System/Library/Frameworks/HealthKit.framework; sourceTree = DEVELOPER_DIR; };
		473029D92163DC7800B75C98 /* WorkoutInterfaceController.swift */ = {isa = PBXFileReference; lastKnownFileType = sourcecode.swift; path = WorkoutInterfaceController.swift; sourceTree = "<group>"; };
		473029DB216AF2A400B75C98 /* WorkoutControlInterfaceController.swift */ = {isa = PBXFileReference; lastKnownFileType = sourcecode.swift; path = WorkoutControlInterfaceController.swift; sourceTree = "<group>"; };
		473029DD216AF37300B75C98 /* WorkoutListInterfaceController.swift */ = {isa = PBXFileReference; lastKnownFileType = sourcecode.swift; path = WorkoutListInterfaceController.swift; sourceTree = "<group>"; };
		4734FF832200356E0083A2E4 /* CreateWorkoutExerciseCollectionViewCell.xib */ = {isa = PBXFileReference; lastKnownFileType = file.xib; path = CreateWorkoutExerciseCollectionViewCell.xib; sourceTree = "<group>"; };
		4734FF8522003B990083A2E4 /* CreateWorkoutExerciseCollectionViewCell.swift */ = {isa = PBXFileReference; lastKnownFileType = sourcecode.swift; path = CreateWorkoutExerciseCollectionViewCell.swift; sourceTree = "<group>"; };
		473A52D6201EF17C008C8CE3 /* FTAnimation.swift */ = {isa = PBXFileReference; lastKnownFileType = sourcecode.swift; path = FTAnimation.swift; sourceTree = "<group>"; };
		4761EAB722129DBD00113088 /* CreateWorkoutSectionHeaderView.xib */ = {isa = PBXFileReference; lastKnownFileType = file.xib; path = CreateWorkoutSectionHeaderView.xib; sourceTree = "<group>"; };
		4761EAB92217DAAA00113088 /* FilterCollectionViewCell.xib */ = {isa = PBXFileReference; lastKnownFileType = file.xib; path = FilterCollectionViewCell.xib; sourceTree = "<group>"; };
		4761EABB2217DBAD00113088 /* Filter.swift */ = {isa = PBXFileReference; lastKnownFileType = sourcecode.swift; path = Filter.swift; sourceTree = "<group>"; };
		4762C4C71FFF54AE006BDDC0 /* TimerBuilder.swift */ = {isa = PBXFileReference; lastKnownFileType = sourcecode.swift; path = TimerBuilder.swift; sourceTree = "<group>"; };
		4763B1F81FFDE01000C94216 /* ExerciseRefinementViewController.swift */ = {isa = PBXFileReference; lastKnownFileType = sourcecode.swift; path = ExerciseRefinementViewController.swift; sourceTree = "<group>"; };
		4769FD9B223B7E260059866D /* BasicTableHeaderView.xib */ = {isa = PBXFileReference; lastKnownFileType = file.xib; path = BasicTableHeaderView.xib; sourceTree = "<group>"; };
		4769FD9D223B7FBB0059866D /* MusclesInvolvedCell.xib */ = {isa = PBXFileReference; lastKnownFileType = file.xib; path = MusclesInvolvedCell.xib; sourceTree = "<group>"; };
		4769FD9F224205DC0059866D /* MuscleHistoryTopTableViewCell.xib */ = {isa = PBXFileReference; lastKnownFileType = file.xib; path = MuscleHistoryTopTableViewCell.xib; sourceTree = "<group>"; };
		4769FDA12242082E0059866D /* MuscleHistoryTableViewCell.xib */ = {isa = PBXFileReference; lastKnownFileType = file.xib; path = MuscleHistoryTableViewCell.xib; sourceTree = "<group>"; };
		477859BB221E89BF00115C05 /* Exercise.storyboard */ = {isa = PBXFileReference; lastKnownFileType = file.storyboard; path = Exercise.storyboard; sourceTree = "<group>"; };
		477A7532222656FF00438226 /* AddSetsHeaderTableviewCell.xib */ = {isa = PBXFileReference; lastKnownFileType = file.xib; path = AddSetsHeaderTableviewCell.xib; sourceTree = "<group>"; };
		477A7534222660B800438226 /* AddSetsRowTableviewCell.xib */ = {isa = PBXFileReference; lastKnownFileType = file.xib; path = AddSetsRowTableviewCell.xib; sourceTree = "<group>"; };
		477A75362226651800438226 /* AddSetsAddRemoveTableviewCell.xib */ = {isa = PBXFileReference; lastKnownFileType = file.xib; path = AddSetsAddRemoveTableviewCell.xib; sourceTree = "<group>"; };
		477A75382226684F00438226 /* AddSetsKeyboardAccessoryView.xib */ = {isa = PBXFileReference; lastKnownFileType = file.xib; path = AddSetsKeyboardAccessoryView.xib; sourceTree = "<group>"; };
		477A753A2229039000438226 /* AddSets.swift */ = {isa = PBXFileReference; lastKnownFileType = sourcecode.swift; path = AddSets.swift; sourceTree = "<group>"; };
		4797DA632033F70C00FFB4F8 /* RootSwipeViewController.swift */ = {isa = PBXFileReference; lastKnownFileType = sourcecode.swift; path = RootSwipeViewController.swift; sourceTree = "<group>"; };
		479F870C21FD8C5900A61C9B /* NestedCollectionTableViewCell.xib */ = {isa = PBXFileReference; lastKnownFileType = file.xib; path = NestedCollectionTableViewCell.xib; sourceTree = "<group>"; };
		479F870E21FD8D9F00A61C9B /* NestedCollectionTableViewCell.swift */ = {isa = PBXFileReference; lastKnownFileType = sourcecode.swift; path = NestedCollectionTableViewCell.swift; sourceTree = "<group>"; };
		479F871021FD8FCC00A61C9B /* WorkoutNextCollectionViewCell.xib */ = {isa = PBXFileReference; lastKnownFileType = file.xib; path = WorkoutNextCollectionViewCell.xib; sourceTree = "<group>"; };
		479F871221FE7A3700A61C9B /* LibraryWorkoutsSectionHeader.xib */ = {isa = PBXFileReference; lastKnownFileType = file.xib; path = LibraryWorkoutsSectionHeader.xib; sourceTree = "<group>"; };
		479F871421FE80DF00A61C9B /* LibraryWorkoutCollectionViewCell.xib */ = {isa = PBXFileReference; lastKnownFileType = file.xib; path = LibraryWorkoutCollectionViewCell.xib; sourceTree = "<group>"; };
		479F871621FE94D800A61C9B /* WorkoutCollectableCollectionViewCell.xib */ = {isa = PBXFileReference; lastKnownFileType = file.xib; path = WorkoutCollectableCollectionViewCell.xib; sourceTree = "<group>"; };
		47A736CF200D7ECD00EAAA6E /* FitTime.entitlements */ = {isa = PBXFileReference; lastKnownFileType = text.plist.entitlements; path = FitTime.entitlements; sourceTree = "<group>"; };
		47A9D27A217CF06600ABA3C9 /* WorkoutCell.xib */ = {isa = PBXFileReference; lastKnownFileType = file.xib; path = WorkoutCell.xib; sourceTree = "<group>"; };
		47AD1521223B79C500ED904B /* SummaryViewController.swift */ = {isa = PBXFileReference; lastKnownFileType = sourcecode.swift; path = SummaryViewController.swift; sourceTree = "<group>"; };
		47C0A2E11FFB152400C22A2E /* CreateExerciseViewController.swift */ = {isa = PBXFileReference; lastKnownFileType = sourcecode.swift; path = CreateExerciseViewController.swift; sourceTree = "<group>"; };
		47C0A2E31FFB153800C22A2E /* CreateWorkoutViewController.swift */ = {isa = PBXFileReference; lastKnownFileType = sourcecode.swift; path = CreateWorkoutViewController.swift; sourceTree = "<group>"; };
		47C0A2E51FFB154400C22A2E /* OnWorkoutViewController.swift */ = {isa = PBXFileReference; lastKnownFileType = sourcecode.swift; path = OnWorkoutViewController.swift; sourceTree = "<group>"; };
		47C0A2E71FFB155E00C22A2E /* OffWorkoutViewController.swift */ = {isa = PBXFileReference; lastKnownFileType = sourcecode.swift; path = OffWorkoutViewController.swift; sourceTree = "<group>"; };
		47C0A2E91FFB177100C22A2E /* Exercise.swift */ = {isa = PBXFileReference; lastKnownFileType = sourcecode.swift; path = Exercise.swift; sourceTree = "<group>"; };
		47C0A2EB1FFB1A5200C22A2E /* Workout.swift */ = {isa = PBXFileReference; lastKnownFileType = sourcecode.swift; path = Workout.swift; sourceTree = "<group>"; };
		47C0A2ED1FFB2A8F00C22A2E /* RootViewController.swift */ = {isa = PBXFileReference; lastKnownFileType = sourcecode.swift; path = RootViewController.swift; sourceTree = "<group>"; };
		47C0A2EF1FFB2ADB00C22A2E /* ExercisesViewController.swift */ = {isa = PBXFileReference; lastKnownFileType = sourcecode.swift; path = ExercisesViewController.swift; sourceTree = "<group>"; };
		47C0A2F11FFB2AE700C22A2E /* WorkoutsViewController.swift */ = {isa = PBXFileReference; lastKnownFileType = sourcecode.swift; path = WorkoutsViewController.swift; sourceTree = "<group>"; };
		47C0A2F31FFB396200C22A2E /* ExercisePhase.swift */ = {isa = PBXFileReference; lastKnownFileType = sourcecode.swift; path = ExercisePhase.swift; sourceTree = "<group>"; };
		47C0A2F51FFB4A8100C22A2E /* CreatePhaseViewController.swift */ = {isa = PBXFileReference; lastKnownFileType = sourcecode.swift; path = CreatePhaseViewController.swift; sourceTree = "<group>"; };
		47CA6A2F2031226700E213CF /* ColorLibrary.swift */ = {isa = PBXFileReference; lastKnownFileType = sourcecode.swift; path = ColorLibrary.swift; sourceTree = "<group>"; };
		47CCC04122068B1F007CB338 /* Rubik-BlackItalic.ttf */ = {isa = PBXFileReference; lastKnownFileType = file; path = "Rubik-BlackItalic.ttf"; sourceTree = "<group>"; };
		47CCC04222068B20007CB338 /* Rubik-Italic.ttf */ = {isa = PBXFileReference; lastKnownFileType = file; path = "Rubik-Italic.ttf"; sourceTree = "<group>"; };
		47CCC04322068B20007CB338 /* Rubik-Medium.ttf */ = {isa = PBXFileReference; lastKnownFileType = file; path = "Rubik-Medium.ttf"; sourceTree = "<group>"; };
		47CCC04422068B20007CB338 /* Rubik-Regular.ttf */ = {isa = PBXFileReference; lastKnownFileType = file; path = "Rubik-Regular.ttf"; sourceTree = "<group>"; };
		47CCC04522068B21007CB338 /* Rubik-MediumItalic.ttf */ = {isa = PBXFileReference; lastKnownFileType = file; path = "Rubik-MediumItalic.ttf"; sourceTree = "<group>"; };
		47CCC04622068B21007CB338 /* Rubik-Light.ttf */ = {isa = PBXFileReference; lastKnownFileType = file; path = "Rubik-Light.ttf"; sourceTree = "<group>"; };
		47CCC04722068B22007CB338 /* Rubik-BoldItalic.ttf */ = {isa = PBXFileReference; lastKnownFileType = file; path = "Rubik-BoldItalic.ttf"; sourceTree = "<group>"; };
		47CCC04822068B22007CB338 /* Rubik-Black.ttf */ = {isa = PBXFileReference; lastKnownFileType = file; path = "Rubik-Black.ttf"; sourceTree = "<group>"; };
		47CCC04922068B23007CB338 /* Rubik-Bold.ttf */ = {isa = PBXFileReference; lastKnownFileType = file; path = "Rubik-Bold.ttf"; sourceTree = "<group>"; };
		47CCC04A22068B23007CB338 /* Rubik-LightItalic.ttf */ = {isa = PBXFileReference; lastKnownFileType = file; path = "Rubik-LightItalic.ttf"; sourceTree = "<group>"; };
		47CCC05522068B2C007CB338 /* Questrial-Regular.ttf */ = {isa = PBXFileReference; lastKnownFileType = file; path = "Questrial-Regular.ttf"; sourceTree = "<group>"; };
		47CCC05822068C76007CB338 /* Fonts.swift */ = {isa = PBXFileReference; lastKnownFileType = sourcecode.swift; path = Fonts.swift; sourceTree = "<group>"; };
		47CFD26D221BC89300F57F9B /* BasicHeaderView.xib */ = {isa = PBXFileReference; lastKnownFileType = file.xib; path = BasicHeaderView.xib; sourceTree = "<group>"; };
		47CFD270221E88B900F57F9B /* ExerciseDetail.swift */ = {isa = PBXFileReference; lastKnownFileType = sourcecode.swift; path = ExerciseDetail.swift; sourceTree = "<group>"; };
		47DA9528201EA6FB00DCD523 /* ExerciseCollectionViewCell.swift */ = {isa = PBXFileReference; lastKnownFileType = sourcecode.swift; path = ExerciseCollectionViewCell.swift; sourceTree = "<group>"; };
		47DA952A201EA70C00DCD523 /* ExerciseCollectionViewCell.xib */ = {isa = PBXFileReference; lastKnownFileType = file.xib; path = ExerciseCollectionViewCell.xib; sourceTree = "<group>"; };
		47DBAE30216098F900CEC2F1 /* HealthKit.framework */ = {isa = PBXFileReference; lastKnownFileType = wrapper.framework; name = HealthKit.framework; path = System/Library/Frameworks/HealthKit.framework; sourceTree = SDKROOT; };
		47DBAE322160996000CEC2F1 /* HealthManager.swift */ = {isa = PBXFileReference; lastKnownFileType = sourcecode.swift; path = HealthManager.swift; sourceTree = "<group>"; };
		47DBAE362160A00200CEC2F1 /* FitRisersWatch.app */ = {isa = PBXFileReference; explicitFileType = wrapper.application; includeInIndex = 0; path = FitRisersWatch.app; sourceTree = BUILT_PRODUCTS_DIR; };
		47DBAE392160A00200CEC2F1 /* Base */ = {isa = PBXFileReference; lastKnownFileType = file.storyboard; name = Base; path = Base.lproj/Interface.storyboard; sourceTree = "<group>"; };
		47DBAE3B2160A00A00CEC2F1 /* Assets.xcassets */ = {isa = PBXFileReference; lastKnownFileType = folder.assetcatalog; path = Assets.xcassets; sourceTree = "<group>"; };
		47DBAE3D2160A00A00CEC2F1 /* Info.plist */ = {isa = PBXFileReference; lastKnownFileType = text.plist.xml; path = Info.plist; sourceTree = "<group>"; };
		47DBAE422160A00A00CEC2F1 /* FitRisersWatch Extension.appex */ = {isa = PBXFileReference; explicitFileType = "wrapper.app-extension"; includeInIndex = 0; path = "FitRisersWatch Extension.appex"; sourceTree = BUILT_PRODUCTS_DIR; };
		47DBAE472160A00A00CEC2F1 /* InterfaceController.swift */ = {isa = PBXFileReference; lastKnownFileType = sourcecode.swift; path = InterfaceController.swift; sourceTree = "<group>"; };
		47DBAE492160A00A00CEC2F1 /* ExtensionDelegate.swift */ = {isa = PBXFileReference; lastKnownFileType = sourcecode.swift; path = ExtensionDelegate.swift; sourceTree = "<group>"; };
		47DBAE4B2160A00A00CEC2F1 /* NotificationController.swift */ = {isa = PBXFileReference; lastKnownFileType = sourcecode.swift; path = NotificationController.swift; sourceTree = "<group>"; };
		47DBAE4D2160A00A00CEC2F1 /* ComplicationController.swift */ = {isa = PBXFileReference; lastKnownFileType = sourcecode.swift; path = ComplicationController.swift; sourceTree = "<group>"; };
		47DBAE4F2160A00B00CEC2F1 /* Assets.xcassets */ = {isa = PBXFileReference; lastKnownFileType = folder.assetcatalog; path = Assets.xcassets; sourceTree = "<group>"; };
		47DBAE512160A00B00CEC2F1 /* Info.plist */ = {isa = PBXFileReference; lastKnownFileType = text.plist.xml; path = Info.plist; sourceTree = "<group>"; };
		47DBAE522160A00B00CEC2F1 /* PushNotificationPayload.apns */ = {isa = PBXFileReference; lastKnownFileType = text; path = PushNotificationPayload.apns; sourceTree = "<group>"; };
		47DBAE602160A64700CEC2F1 /* WatchConnectivityManager.swift */ = {isa = PBXFileReference; lastKnownFileType = sourcecode.swift; path = WatchConnectivityManager.swift; sourceTree = "<group>"; };
		539266341C73515F7BE420EC /* Pods_FitTime.framework */ = {isa = PBXFileReference; explicitFileType = wrapper.framework; includeInIndex = 0; path = Pods_FitTime.framework; sourceTree = BUILT_PRODUCTS_DIR; };
		9482BA618494C256620A0F35 /* Pods-FitTime.adhoc.xcconfig */ = {isa = PBXFileReference; includeInIndex = 1; lastKnownFileType = text.xcconfig; name = "Pods-FitTime.adhoc.xcconfig"; path = "Pods/Target Support Files/Pods-FitTime/Pods-FitTime.adhoc.xcconfig"; sourceTree = "<group>"; };
		F1662F433D57C5CC9C5983AF /* Pods-FitTime.debug.xcconfig */ = {isa = PBXFileReference; includeInIndex = 1; lastKnownFileType = text.xcconfig; name = "Pods-FitTime.debug.xcconfig"; path = "Pods/Target Support Files/Pods-FitTime/Pods-FitTime.debug.xcconfig"; sourceTree = "<group>"; };
/* End PBXFileReference section */

/* Begin PBXFrameworksBuildPhase section */
		47010FFE1FFB08C000AA4D9D /* Frameworks */ = {
			isa = PBXFrameworksBuildPhase;
			buildActionMask = 2147483647;
			files = (
				47DBAE31216098F900CEC2F1 /* HealthKit.framework in Frameworks */,
				0E2E554268886A3CFA6680D5 /* Pods_FitTime.framework in Frameworks */,
			);
			runOnlyForDeploymentPostprocessing = 0;
		};
		47DBAE3F2160A00A00CEC2F1 /* Frameworks */ = {
			isa = PBXFrameworksBuildPhase;
			buildActionMask = 2147483647;
			files = (
				473029D82163D6A000B75C98 /* HealthKit.framework in Frameworks */,
			);
			runOnlyForDeploymentPostprocessing = 0;
		};
		68C8A00BAC315D57FE40C05F /* Frameworks */ = {
			isa = PBXFrameworksBuildPhase;
			buildActionMask = 2147483647;
			files = (
			);
			runOnlyForDeploymentPostprocessing = 0;
		};
/* End PBXFrameworksBuildPhase section */

/* Begin PBXGroup section */
		29E0AD8055F6E79E16232D6C /* Frameworks */ = {
			isa = PBXGroup;
			children = (
				473029D72163D6A000B75C98 /* HealthKit.framework */,
				47DBAE30216098F900CEC2F1 /* HealthKit.framework */,
				539266341C73515F7BE420EC /* Pods_FitTime.framework */,
			);
			name = Frameworks;
			sourceTree = "<group>";
		};
		47010FF81FFB08C000AA4D9D = {
			isa = PBXGroup;
			children = (
				470110031FFB08C000AA4D9D /* FitTime */,
				47DBAE372160A00200CEC2F1 /* FitRisersWatch */,
				47DBAE462160A00A00CEC2F1 /* FitRisersWatch Extension */,
				470110021FFB08C000AA4D9D /* Products */,
				29E0AD8055F6E79E16232D6C /* Frameworks */,
				AB43D271CB85AAE1E30683E2 /* Pods */,
			);
			sourceTree = "<group>";
		};
		470110021FFB08C000AA4D9D /* Products */ = {
			isa = PBXGroup;
			children = (
				470110011FFB08C000AA4D9D /* FitTime.app */,
				47DBAE362160A00200CEC2F1 /* FitRisersWatch.app */,
				47DBAE422160A00A00CEC2F1 /* FitRisersWatch Extension.appex */,
			);
			name = Products;
			sourceTree = "<group>";
		};
		470110031FFB08C000AA4D9D /* FitTime */ = {
			isa = PBXGroup;
			children = (
				47AD1520223B79A700ED904B /* Summary */,
				470BFC18222654F600157AAF /* Add Sets */,
				47CFD26F221E888500F57F9B /* Exercise */,
				47CCC05722068C67007CB338 /* Utility */,
				47CCC04022068AF7007CB338 /* Fonts */,
				47CCC03F22068AD9007CB338 /* Create Workout */,
				47A736CF200D7ECD00EAAA6E /* FitTime.entitlements */,
				470110041FFB08C000AA4D9D /* AppDelegate.swift */,
				470110061FFB08C000AA4D9D /* ViewController.swift */,
				470110081FFB08C000AA4D9D /* Main.storyboard */,
				479F870C21FD8C5900A61C9B /* NestedCollectionTableViewCell.xib */,
				479F871021FD8FCC00A61C9B /* WorkoutNextCollectionViewCell.xib */,
				479F870E21FD8D9F00A61C9B /* NestedCollectionTableViewCell.swift */,
				4701100E1FFB08C100AA4D9D /* Assets.xcassets */,
				470110101FFB08C100AA4D9D /* LaunchScreen.storyboard */,
				470110131FFB08C100AA4D9D /* Info.plist */,
				4701100B1FFB08C100AA4D9D /* FitTime.xcdatamodeld */,
				47C0A2E11FFB152400C22A2E /* CreateExerciseViewController.swift */,
				47C0A2E51FFB154400C22A2E /* OnWorkoutViewController.swift */,
				47C0A2E71FFB155E00C22A2E /* OffWorkoutViewController.swift */,
				47C0A2E91FFB177100C22A2E /* Exercise.swift */,
				47C0A2EB1FFB1A5200C22A2E /* Workout.swift */,
				47C0A2F31FFB396200C22A2E /* ExercisePhase.swift */,
				47C0A2ED1FFB2A8F00C22A2E /* RootViewController.swift */,
				47C0A2EF1FFB2ADB00C22A2E /* ExercisesViewController.swift */,
				47C0A2F11FFB2AE700C22A2E /* WorkoutsViewController.swift */,
				479F871621FE94D800A61C9B /* WorkoutCollectableCollectionViewCell.xib */,
				47C0A2F51FFB4A8100C22A2E /* CreatePhaseViewController.swift */,
				4763B1F81FFDE01000C94216 /* ExerciseRefinementViewController.swift */,
				4762C4C71FFF54AE006BDDC0 /* TimerBuilder.swift */,
				47DA9528201EA6FB00DCD523 /* ExerciseCollectionViewCell.swift */,
				47DA952A201EA70C00DCD523 /* ExerciseCollectionViewCell.xib */,
				473A52D6201EF17C008C8CE3 /* FTAnimation.swift */,
				47CA6A2F2031226700E213CF /* ColorLibrary.swift */,
				4797DA632033F70C00FFB4F8 /* RootSwipeViewController.swift */,
				47DBAE322160996000CEC2F1 /* HealthManager.swift */,
				47DBAE602160A64700CEC2F1 /* WatchConnectivityManager.swift */,
				473029D42161877000B75C98 /* ResultsWorkoutViewController.swift */,
				47A9D27A217CF06600ABA3C9 /* WorkoutCell.xib */,
				479F871221FE7A3700A61C9B /* LibraryWorkoutsSectionHeader.xib */,
				479F871421FE80DF00A61C9B /* LibraryWorkoutCollectionViewCell.xib */,
			);
			path = FitTime;
			sourceTree = "<group>";
		};
		470BFC18222654F600157AAF /* Add Sets */ = {
			isa = PBXGroup;
			children = (
				477A7532222656FF00438226 /* AddSetsHeaderTableviewCell.xib */,
				477A7534222660B800438226 /* AddSetsRowTableviewCell.xib */,
				477A75362226651800438226 /* AddSetsAddRemoveTableviewCell.xib */,
				477A75382226684F00438226 /* AddSetsKeyboardAccessoryView.xib */,
				477A753A2229039000438226 /* AddSets.swift */,
				4718FC1F222E47DB00CECA3F /* AddSetsSecondaryHeaderTableviewCell.xib */,
			);
			name = "Add Sets";
			path = "New Group1";
			sourceTree = "<group>";
		};
		47AD1520223B79A700ED904B /* Summary */ = {
			isa = PBXGroup;
			children = (
				47AD1521223B79C500ED904B /* SummaryViewController.swift */,
				4769FD9B223B7E260059866D /* BasicTableHeaderView.xib */,
				4769FD9D223B7FBB0059866D /* MusclesInvolvedCell.xib */,
				4769FD9F224205DC0059866D /* MuscleHistoryTopTableViewCell.xib */,
				4769FDA12242082E0059866D /* MuscleHistoryTableViewCell.xib */,
			);
			path = Summary;
			sourceTree = "<group>";
		};
		47CCC03F22068AD9007CB338 /* Create Workout */ = {
			isa = PBXGroup;
			children = (
				47C0A2E31FFB153800C22A2E /* CreateWorkoutViewController.swift */,
				4734FF832200356E0083A2E4 /* CreateWorkoutExerciseCollectionViewCell.xib */,
				4734FF8522003B990083A2E4 /* CreateWorkoutExerciseCollectionViewCell.swift */,
				4761EAB722129DBD00113088 /* CreateWorkoutSectionHeaderView.xib */,
				4761EAB92217DAAA00113088 /* FilterCollectionViewCell.xib */,
				4761EABB2217DBAD00113088 /* Filter.swift */,
				47CFD26D221BC89300F57F9B /* BasicHeaderView.xib */,
			);
			path = "Create Workout";
			sourceTree = "<group>";
		};
		47CCC04022068AF7007CB338 /* Fonts */ = {
			isa = PBXGroup;
			children = (
				47CCC04822068B22007CB338 /* Rubik-Black.ttf */,
				47CCC05522068B2C007CB338 /* Questrial-Regular.ttf */,
				47CCC04122068B1F007CB338 /* Rubik-BlackItalic.ttf */,
				47CCC04922068B23007CB338 /* Rubik-Bold.ttf */,
				47CCC04722068B22007CB338 /* Rubik-BoldItalic.ttf */,
				47CCC04222068B20007CB338 /* Rubik-Italic.ttf */,
				47CCC04622068B21007CB338 /* Rubik-Light.ttf */,
				47CCC04A22068B23007CB338 /* Rubik-LightItalic.ttf */,
				47CCC04322068B20007CB338 /* Rubik-Medium.ttf */,
				47CCC04522068B21007CB338 /* Rubik-MediumItalic.ttf */,
				47CCC04422068B20007CB338 /* Rubik-Regular.ttf */,
			);
			path = Fonts;
			sourceTree = "<group>";
		};
		47CCC05722068C67007CB338 /* Utility */ = {
			isa = PBXGroup;
			children = (
				47CCC05822068C76007CB338 /* Fonts.swift */,
			);
			path = Utility;
			sourceTree = "<group>";
		};
		47CFD26F221E888500F57F9B /* Exercise */ = {
			isa = PBXGroup;
			children = (
				47CFD270221E88B900F57F9B /* ExerciseDetail.swift */,
				477859BB221E89BF00115C05 /* Exercise.storyboard */,
			);
			name = Exercise;
			path = "New Group";
			sourceTree = "<group>";
		};
		47DBAE372160A00200CEC2F1 /* FitRisersWatch */ = {
			isa = PBXGroup;
			children = (
				47DBAE382160A00200CEC2F1 /* Interface.storyboard */,
				47DBAE3B2160A00A00CEC2F1 /* Assets.xcassets */,
				47DBAE3D2160A00A00CEC2F1 /* Info.plist */,
			);
			path = FitRisersWatch;
			sourceTree = "<group>";
		};
		47DBAE462160A00A00CEC2F1 /* FitRisersWatch Extension */ = {
			isa = PBXGroup;
			children = (
				473029D62163D69900B75C98 /* FitRisersWatch Extension.entitlements */,
				47DBAE472160A00A00CEC2F1 /* InterfaceController.swift */,
				47DBAE492160A00A00CEC2F1 /* ExtensionDelegate.swift */,
				47DBAE4B2160A00A00CEC2F1 /* NotificationController.swift */,
				47DBAE4D2160A00A00CEC2F1 /* ComplicationController.swift */,
				47DBAE4F2160A00B00CEC2F1 /* Assets.xcassets */,
				47DBAE512160A00B00CEC2F1 /* Info.plist */,
				47DBAE522160A00B00CEC2F1 /* PushNotificationPayload.apns */,
				473029D92163DC7800B75C98 /* WorkoutInterfaceController.swift */,
				473029DB216AF2A400B75C98 /* WorkoutControlInterfaceController.swift */,
				473029DD216AF37300B75C98 /* WorkoutListInterfaceController.swift */,
			);
			path = "FitRisersWatch Extension";
			sourceTree = "<group>";
		};
		AB43D271CB85AAE1E30683E2 /* Pods */ = {
			isa = PBXGroup;
			children = (
				F1662F433D57C5CC9C5983AF /* Pods-FitTime.debug.xcconfig */,
				9482BA618494C256620A0F35 /* Pods-FitTime.adhoc.xcconfig */,
				465BA40176C2900D9D63B46D /* Pods-FitTime.release.xcconfig */,
			);
			name = Pods;
			sourceTree = "<group>";
		};
/* End PBXGroup section */

/* Begin PBXNativeTarget section */
		470110001FFB08C000AA4D9D /* FitTime */ = {
			isa = PBXNativeTarget;
			buildConfigurationList = 470110161FFB08C100AA4D9D /* Build configuration list for PBXNativeTarget "FitTime" */;
			buildPhases = (
				D7CAC89B1B7A9004A22F81D1 /* [CP] Check Pods Manifest.lock */,
				47010FFD1FFB08C000AA4D9D /* Sources */,
				47010FFE1FFB08C000AA4D9D /* Frameworks */,
				47010FFF1FFB08C000AA4D9D /* Resources */,
				47C05886200C43C300C3CBDC /* ShellScript */,
				47DBAE5F2160A00B00CEC2F1 /* Embed Watch Content */,
				F2BDEE9422A16A2818BFC021 /* [CP] Embed Pods Frameworks */,
			);
			buildRules = (
			);
			dependencies = (
				47DBAE542160A00B00CEC2F1 /* PBXTargetDependency */,
			);
			name = FitTime;
			productName = FitTime;
			productReference = 470110011FFB08C000AA4D9D /* FitTime.app */;
			productType = "com.apple.product-type.application";
		};
		47DBAE352160A00200CEC2F1 /* FitRisersWatch */ = {
			isa = PBXNativeTarget;
			buildConfigurationList = 47DBAE5B2160A00B00CEC2F1 /* Build configuration list for PBXNativeTarget "FitRisersWatch" */;
			buildPhases = (
				47DBAE342160A00200CEC2F1 /* Resources */,
				47DBAE5A2160A00B00CEC2F1 /* Embed App Extensions */,
				68C8A00BAC315D57FE40C05F /* Frameworks */,
			);
			buildRules = (
			);
			dependencies = (
				47DBAE452160A00A00CEC2F1 /* PBXTargetDependency */,
			);
			name = FitRisersWatch;
			productName = FitRisersWatch;
			productReference = 47DBAE362160A00200CEC2F1 /* FitRisersWatch.app */;
			productType = "com.apple.product-type.application.watchapp2";
		};
		47DBAE412160A00A00CEC2F1 /* FitRisersWatch Extension */ = {
			isa = PBXNativeTarget;
			buildConfigurationList = 47DBAE562160A00B00CEC2F1 /* Build configuration list for PBXNativeTarget "FitRisersWatch Extension" */;
			buildPhases = (
				47DBAE3E2160A00A00CEC2F1 /* Sources */,
				47DBAE3F2160A00A00CEC2F1 /* Frameworks */,
				47DBAE402160A00A00CEC2F1 /* Resources */,
			);
			buildRules = (
			);
			dependencies = (
			);
			name = "FitRisersWatch Extension";
			productName = "FitRisersWatch Extension";
			productReference = 47DBAE422160A00A00CEC2F1 /* FitRisersWatch Extension.appex */;
			productType = "com.apple.product-type.watchkit2-extension";
		};
/* End PBXNativeTarget section */

/* Begin PBXProject section */
		47010FF91FFB08C000AA4D9D /* Project object */ = {
			isa = PBXProject;
			attributes = {
				LastSwiftUpdateCheck = 1010;
				LastUpgradeCheck = 0910;
				ORGANIZATIONNAME = LateRisers;
				TargetAttributes = {
					470110001FFB08C000AA4D9D = {
						CreatedOnToolsVersion = 9.1;
						ProvisioningStyle = Automatic;
						SystemCapabilities = {
							com.apple.BackgroundModes = {
								enabled = 1;
							};
							com.apple.HealthKit = {
								enabled = 1;
							};
							com.apple.Push = {
								enabled = 1;
							};
						};
					};
					47DBAE352160A00200CEC2F1 = {
						CreatedOnToolsVersion = 10.1;
						LastSwiftMigration = 1010;
						ProvisioningStyle = Automatic;
					};
					47DBAE412160A00A00CEC2F1 = {
						CreatedOnToolsVersion = 10.1;
						ProvisioningStyle = Automatic;
						SystemCapabilities = {
							com.apple.HealthKit.watchos = {
								enabled = 1;
							};
							com.apple.Push = {
								enabled = 1;
							};
						};
					};
				};
			};
			buildConfigurationList = 47010FFC1FFB08C000AA4D9D /* Build configuration list for PBXProject "FitTime" */;
			compatibilityVersion = "Xcode 8.0";
			developmentRegion = en;
			hasScannedForEncodings = 0;
			knownRegions = (
				en,
				Base,
			);
			mainGroup = 47010FF81FFB08C000AA4D9D;
			productRefGroup = 470110021FFB08C000AA4D9D /* Products */;
			projectDirPath = "";
			projectRoot = "";
			targets = (
				470110001FFB08C000AA4D9D /* FitTime */,
				47DBAE352160A00200CEC2F1 /* FitRisersWatch */,
				47DBAE412160A00A00CEC2F1 /* FitRisersWatch Extension */,
			);
		};
/* End PBXProject section */

/* Begin PBXResourcesBuildPhase section */
		47010FFF1FFB08C000AA4D9D /* Resources */ = {
			isa = PBXResourcesBuildPhase;
			buildActionMask = 2147483647;
			files = (
				47CFD26E221BC89300F57F9B /* BasicHeaderView.xib in Resources */,
				477A7533222656FF00438226 /* AddSetsHeaderTableviewCell.xib in Resources */,
				470110121FFB08C100AA4D9D /* LaunchScreen.storyboard in Resources */,
				4701100F1FFB08C100AA4D9D /* Assets.xcassets in Resources */,
				47CCC04B22068B24007CB338 /* Rubik-BlackItalic.ttf in Resources */,
				47CCC05022068B24007CB338 /* Rubik-Light.ttf in Resources */,
				47CCC04F22068B24007CB338 /* Rubik-MediumItalic.ttf in Resources */,
				47DA952B201EA70C00DCD523 /* ExerciseCollectionViewCell.xib in Resources */,
				47A9D27B217CF06600ABA3C9 /* WorkoutCell.xib in Resources */,
				47CCC05122068B24007CB338 /* Rubik-BoldItalic.ttf in Resources */,
				479F871321FE7A3700A61C9B /* LibraryWorkoutsSectionHeader.xib in Resources */,
				47CCC05422068B24007CB338 /* Rubik-LightItalic.ttf in Resources */,
				4761EABA2217DAAE00113088 /* FilterCollectionViewCell.xib in Resources */,
				4769FDA0224205DD0059866D /* MuscleHistoryTopTableViewCell.xib in Resources */,
				47CCC05322068B24007CB338 /* Rubik-Bold.ttf in Resources */,
				479F870D21FD8C5A00A61C9B /* NestedCollectionTableViewCell.xib in Resources */,
				477859BC221E89BF00115C05 /* Exercise.storyboard in Resources */,
				47CCC05622068B2D007CB338 /* Questrial-Regular.ttf in Resources */,
				479F871521FE80DF00A61C9B /* LibraryWorkoutCollectionViewCell.xib in Resources */,
				477A75392226684F00438226 /* AddSetsKeyboardAccessoryView.xib in Resources */,
				477A75372226651800438226 /* AddSetsAddRemoveTableviewCell.xib in Resources */,
				4769FD9E223B7FBB0059866D /* MusclesInvolvedCell.xib in Resources */,
				4718FC20222E47DB00CECA3F /* AddSetsSecondaryHeaderTableviewCell.xib in Resources */,
				479F871721FE94D800A61C9B /* WorkoutCollectableCollectionViewCell.xib in Resources */,
				479F871121FD8FCC00A61C9B /* WorkoutNextCollectionViewCell.xib in Resources */,
				4769FD9C223B7E260059866D /* BasicTableHeaderView.xib in Resources */,
				47CCC05222068B24007CB338 /* Rubik-Black.ttf in Resources */,
				47CCC04C22068B24007CB338 /* Rubik-Italic.ttf in Resources */,
				4769FDA22242082E0059866D /* MuscleHistoryTableViewCell.xib in Resources */,
				4734FF842200356F0083A2E4 /* CreateWorkoutExerciseCollectionViewCell.xib in Resources */,
				4701100A1FFB08C100AA4D9D /* Main.storyboard in Resources */,
				47CCC04E22068B24007CB338 /* Rubik-Regular.ttf in Resources */,
				47CCC04D22068B24007CB338 /* Rubik-Medium.ttf in Resources */,
				4761EAB822129DBE00113088 /* CreateWorkoutSectionHeaderView.xib in Resources */,
				477A7535222660B800438226 /* AddSetsRowTableviewCell.xib in Resources */,
			);
			runOnlyForDeploymentPostprocessing = 0;
		};
		47DBAE342160A00200CEC2F1 /* Resources */ = {
			isa = PBXResourcesBuildPhase;
			buildActionMask = 2147483647;
			files = (
				47DBAE3C2160A00A00CEC2F1 /* Assets.xcassets in Resources */,
				47DBAE3A2160A00200CEC2F1 /* Interface.storyboard in Resources */,
			);
			runOnlyForDeploymentPostprocessing = 0;
		};
		47DBAE402160A00A00CEC2F1 /* Resources */ = {
			isa = PBXResourcesBuildPhase;
			buildActionMask = 2147483647;
			files = (
				47DBAE502160A00B00CEC2F1 /* Assets.xcassets in Resources */,
			);
			runOnlyForDeploymentPostprocessing = 0;
		};
/* End PBXResourcesBuildPhase section */

/* Begin PBXShellScriptBuildPhase section */
		47C05886200C43C300C3CBDC /* ShellScript */ = {
			isa = PBXShellScriptBuildPhase;
			buildActionMask = 2147483647;
			files = (
			);
			inputPaths = (
			);
			outputPaths = (
			);
			runOnlyForDeploymentPostprocessing = 0;
			shellPath = /bin/sh;
			shellScript = "\"${PODS_ROOT}/Fabric/run\" aa2806e408f876f92c02ed7521210b3567436363 11eae3a2808c31f544beb61e1884b2cea66dea9614c7712b9b1d0193926c43fc";
		};
		D7CAC89B1B7A9004A22F81D1 /* [CP] Check Pods Manifest.lock */ = {
			isa = PBXShellScriptBuildPhase;
			buildActionMask = 2147483647;
			files = (
			);
			inputFileListPaths = (
			);
			inputPaths = (
				"${PODS_PODFILE_DIR_PATH}/Podfile.lock",
				"${PODS_ROOT}/Manifest.lock",
			);
			name = "[CP] Check Pods Manifest.lock";
			outputFileListPaths = (
			);
			outputPaths = (
				"$(DERIVED_FILE_DIR)/Pods-FitTime-checkManifestLockResult.txt",
			);
			runOnlyForDeploymentPostprocessing = 0;
			shellPath = /bin/sh;
			shellScript = "diff \"${PODS_PODFILE_DIR_PATH}/Podfile.lock\" \"${PODS_ROOT}/Manifest.lock\" > /dev/null\nif [ $? != 0 ] ; then\n    # print error to STDERR\n    echo \"error: The sandbox is not in sync with the Podfile.lock. Run 'pod install' or update your CocoaPods installation.\" >&2\n    exit 1\nfi\n# This output is used by Xcode 'outputs' to avoid re-running this script phase.\necho \"SUCCESS\" > \"${SCRIPT_OUTPUT_FILE_0}\"\n";
			showEnvVarsInLog = 0;
		};
		F2BDEE9422A16A2818BFC021 /* [CP] Embed Pods Frameworks */ = {
			isa = PBXShellScriptBuildPhase;
			buildActionMask = 2147483647;
			files = (
			);
			inputFileListPaths = (
			);
			inputPaths = (
				"${SRCROOT}/Pods/Target Support Files/Pods-FitTime/Pods-FitTime-frameworks.sh",
				"${BUILT_PRODUCTS_DIR}/ChameleonFramework/ChameleonFramework.framework",
				"${BUILT_PRODUCTS_DIR}/Hue/Hue.framework",
				"${BUILT_PRODUCTS_DIR}/Realm/Realm.framework",
				"${BUILT_PRODUCTS_DIR}/RealmSwift/RealmSwift.framework",
				"${BUILT_PRODUCTS_DIR}/RxCocoa/RxCocoa.framework",
				"${BUILT_PRODUCTS_DIR}/RxSwift/RxSwift.framework",
				"${BUILT_PRODUCTS_DIR}/SnapKit/SnapKit.framework",
				"${BUILT_PRODUCTS_DIR}/SpreadsheetView/SpreadsheetView.framework",
				"${BUILT_PRODUCTS_DIR}/SwiftCharts/SwiftCharts.framework",
				"${BUILT_PRODUCTS_DIR}/ViewAnimator/ViewAnimator.framework",
			);
			name = "[CP] Embed Pods Frameworks";
			outputFileListPaths = (
			);
			outputPaths = (
				"${TARGET_BUILD_DIR}/${FRAMEWORKS_FOLDER_PATH}/ChameleonFramework.framework",
				"${TARGET_BUILD_DIR}/${FRAMEWORKS_FOLDER_PATH}/Hue.framework",
				"${TARGET_BUILD_DIR}/${FRAMEWORKS_FOLDER_PATH}/Realm.framework",
				"${TARGET_BUILD_DIR}/${FRAMEWORKS_FOLDER_PATH}/RealmSwift.framework",
				"${TARGET_BUILD_DIR}/${FRAMEWORKS_FOLDER_PATH}/RxCocoa.framework",
				"${TARGET_BUILD_DIR}/${FRAMEWORKS_FOLDER_PATH}/RxSwift.framework",
				"${TARGET_BUILD_DIR}/${FRAMEWORKS_FOLDER_PATH}/SnapKit.framework",
				"${TARGET_BUILD_DIR}/${FRAMEWORKS_FOLDER_PATH}/SpreadsheetView.framework",
				"${TARGET_BUILD_DIR}/${FRAMEWORKS_FOLDER_PATH}/SwiftCharts.framework",
				"${TARGET_BUILD_DIR}/${FRAMEWORKS_FOLDER_PATH}/ViewAnimator.framework",
			);
			runOnlyForDeploymentPostprocessing = 0;
			shellPath = /bin/sh;
			shellScript = "\"${SRCROOT}/Pods/Target Support Files/Pods-FitTime/Pods-FitTime-frameworks.sh\"\n";
			showEnvVarsInLog = 0;
		};
/* End PBXShellScriptBuildPhase section */

/* Begin PBXSourcesBuildPhase section */
		47010FFD1FFB08C000AA4D9D /* Sources */ = {
			isa = PBXSourcesBuildPhase;
			buildActionMask = 2147483647;
			files = (
				47C0A2EE1FFB2A8F00C22A2E /* RootViewController.swift in Sources */,
				47CA6A302031226700E213CF /* ColorLibrary.swift in Sources */,
				47CCC05922068C76007CB338 /* Fonts.swift in Sources */,
				47C0A2E21FFB152400C22A2E /* CreateExerciseViewController.swift in Sources */,
				473A52D7201EF17C008C8CE3 /* FTAnimation.swift in Sources */,
				47CFD271221E88BA00F57F9B /* ExerciseDetail.swift in Sources */,
				47DA9529201EA6FC00DCD523 /* ExerciseCollectionViewCell.swift in Sources */,
				47C0A2EA1FFB177100C22A2E /* Exercise.swift in Sources */,
				47C0A2E61FFB154400C22A2E /* OnWorkoutViewController.swift in Sources */,
				4734FF8622003B990083A2E4 /* CreateWorkoutExerciseCollectionViewCell.swift in Sources */,
				4797DA642033F70C00FFB4F8 /* RootSwipeViewController.swift in Sources */,
				479F870F21FD8D9F00A61C9B /* NestedCollectionTableViewCell.swift in Sources */,
				470110071FFB08C000AA4D9D /* ViewController.swift in Sources */,
				4762C4C81FFF54AE006BDDC0 /* TimerBuilder.swift in Sources */,
				477A753B2229039000438226 /* AddSets.swift in Sources */,
				47DBAE612160A64700CEC2F1 /* WatchConnectivityManager.swift in Sources */,
				47C0A2E81FFB155E00C22A2E /* OffWorkoutViewController.swift in Sources */,
				47C0A2F01FFB2ADB00C22A2E /* ExercisesViewController.swift in Sources */,
				473029D52161877000B75C98 /* ResultsWorkoutViewController.swift in Sources */,
				47C0A2EC1FFB1A5200C22A2E /* Workout.swift in Sources */,
				47DBAE332160996000CEC2F1 /* HealthManager.swift in Sources */,
				4763B1F91FFDE01100C94216 /* ExerciseRefinementViewController.swift in Sources */,
				47C0A2F21FFB2AE700C22A2E /* WorkoutsViewController.swift in Sources */,
				47C0A2F41FFB396200C22A2E /* ExercisePhase.swift in Sources */,
				47C0A2F61FFB4A8100C22A2E /* CreatePhaseViewController.swift in Sources */,
				47C0A2E41FFB153800C22A2E /* CreateWorkoutViewController.swift in Sources */,
				470110051FFB08C000AA4D9D /* AppDelegate.swift in Sources */,
				4761EABC2217DBAD00113088 /* Filter.swift in Sources */,
				4701100D1FFB08C100AA4D9D /* FitTime.xcdatamodeld in Sources */,
				47AD1522223B79C500ED904B /* SummaryViewController.swift in Sources */,
			);
			runOnlyForDeploymentPostprocessing = 0;
		};
		47DBAE3E2160A00A00CEC2F1 /* Sources */ = {
			isa = PBXSourcesBuildPhase;
			buildActionMask = 2147483647;
			files = (
				47DBAE4C2160A00A00CEC2F1 /* NotificationController.swift in Sources */,
				47DBAE4E2160A00A00CEC2F1 /* ComplicationController.swift in Sources */,
				473029DC216AF2A500B75C98 /* WorkoutControlInterfaceController.swift in Sources */,
				473029DE216AF37300B75C98 /* WorkoutListInterfaceController.swift in Sources */,
				473029DA2163DC7800B75C98 /* WorkoutInterfaceController.swift in Sources */,
				47DBAE4A2160A00A00CEC2F1 /* ExtensionDelegate.swift in Sources */,
				47DBAE482160A00A00CEC2F1 /* InterfaceController.swift in Sources */,
				47DBAE622160A64700CEC2F1 /* WatchConnectivityManager.swift in Sources */,
			);
			runOnlyForDeploymentPostprocessing = 0;
		};
/* End PBXSourcesBuildPhase section */

/* Begin PBXTargetDependency section */
		47DBAE452160A00A00CEC2F1 /* PBXTargetDependency */ = {
			isa = PBXTargetDependency;
			target = 47DBAE412160A00A00CEC2F1 /* FitRisersWatch Extension */;
			targetProxy = 47DBAE442160A00A00CEC2F1 /* PBXContainerItemProxy */;
		};
		47DBAE542160A00B00CEC2F1 /* PBXTargetDependency */ = {
			isa = PBXTargetDependency;
			target = 47DBAE352160A00200CEC2F1 /* FitRisersWatch */;
			targetProxy = 47DBAE532160A00B00CEC2F1 /* PBXContainerItemProxy */;
		};
/* End PBXTargetDependency section */

/* Begin PBXVariantGroup section */
		470110081FFB08C000AA4D9D /* Main.storyboard */ = {
			isa = PBXVariantGroup;
			children = (
				470110091FFB08C000AA4D9D /* Base */,
			);
			name = Main.storyboard;
			sourceTree = "<group>";
		};
		470110101FFB08C100AA4D9D /* LaunchScreen.storyboard */ = {
			isa = PBXVariantGroup;
			children = (
				470110111FFB08C100AA4D9D /* Base */,
			);
			name = LaunchScreen.storyboard;
			sourceTree = "<group>";
		};
		47DBAE382160A00200CEC2F1 /* Interface.storyboard */ = {
			isa = PBXVariantGroup;
			children = (
				47DBAE392160A00200CEC2F1 /* Base */,
			);
			name = Interface.storyboard;
			sourceTree = "<group>";
		};
/* End PBXVariantGroup section */

/* Begin XCBuildConfiguration section */
		470110141FFB08C100AA4D9D /* Debug */ = {
			isa = XCBuildConfiguration;
			buildSettings = {
				ALWAYS_SEARCH_USER_PATHS = NO;
				CLANG_ANALYZER_NONNULL = YES;
				CLANG_ANALYZER_NUMBER_OBJECT_CONVERSION = YES_AGGRESSIVE;
				CLANG_CXX_LANGUAGE_STANDARD = "gnu++14";
				CLANG_CXX_LIBRARY = "libc++";
				CLANG_ENABLE_MODULES = YES;
				CLANG_ENABLE_OBJC_ARC = YES;
				CLANG_WARN_BLOCK_CAPTURE_AUTORELEASING = YES;
				CLANG_WARN_BOOL_CONVERSION = YES;
				CLANG_WARN_COMMA = YES;
				CLANG_WARN_CONSTANT_CONVERSION = YES;
				CLANG_WARN_DIRECT_OBJC_ISA_USAGE = YES_ERROR;
				CLANG_WARN_DOCUMENTATION_COMMENTS = YES;
				CLANG_WARN_EMPTY_BODY = YES;
				CLANG_WARN_ENUM_CONVERSION = YES;
				CLANG_WARN_INFINITE_RECURSION = YES;
				CLANG_WARN_INT_CONVERSION = YES;
				CLANG_WARN_NON_LITERAL_NULL_CONVERSION = YES;
				CLANG_WARN_OBJC_LITERAL_CONVERSION = YES;
				CLANG_WARN_OBJC_ROOT_CLASS = YES_ERROR;
				CLANG_WARN_RANGE_LOOP_ANALYSIS = YES;
				CLANG_WARN_STRICT_PROTOTYPES = YES;
				CLANG_WARN_SUSPICIOUS_MOVE = YES;
				CLANG_WARN_UNGUARDED_AVAILABILITY = YES_AGGRESSIVE;
				CLANG_WARN_UNREACHABLE_CODE = YES;
				CLANG_WARN__DUPLICATE_METHOD_MATCH = YES;
				CODE_SIGN_IDENTITY = "iPhone Developer";
				COPY_PHASE_STRIP = NO;
				DEBUG_INFORMATION_FORMAT = dwarf;
				ENABLE_STRICT_OBJC_MSGSEND = YES;
				ENABLE_TESTABILITY = YES;
				GCC_C_LANGUAGE_STANDARD = gnu11;
				GCC_DYNAMIC_NO_PIC = NO;
				GCC_NO_COMMON_BLOCKS = YES;
				GCC_OPTIMIZATION_LEVEL = 0;
				GCC_PREPROCESSOR_DEFINITIONS = (
					"DEBUG=1",
					"$(inherited)",
				);
				GCC_WARN_64_TO_32_BIT_CONVERSION = YES;
				GCC_WARN_ABOUT_RETURN_TYPE = YES_ERROR;
				GCC_WARN_UNDECLARED_SELECTOR = YES;
				GCC_WARN_UNINITIALIZED_AUTOS = YES_AGGRESSIVE;
				GCC_WARN_UNUSED_FUNCTION = YES;
				GCC_WARN_UNUSED_VARIABLE = YES;
				IPHONEOS_DEPLOYMENT_TARGET = 11.1;
				MTL_ENABLE_DEBUG_INFO = YES;
				ONLY_ACTIVE_ARCH = YES;
				SDKROOT = iphoneos;
				SWIFT_ACTIVE_COMPILATION_CONDITIONS = DEBUG;
				SWIFT_OPTIMIZATION_LEVEL = "-Onone";
			};
			name = Debug;
		};
		470110151FFB08C100AA4D9D /* Release */ = {
			isa = XCBuildConfiguration;
			buildSettings = {
				ALWAYS_SEARCH_USER_PATHS = NO;
				CLANG_ANALYZER_NONNULL = YES;
				CLANG_ANALYZER_NUMBER_OBJECT_CONVERSION = YES_AGGRESSIVE;
				CLANG_CXX_LANGUAGE_STANDARD = "gnu++14";
				CLANG_CXX_LIBRARY = "libc++";
				CLANG_ENABLE_MODULES = YES;
				CLANG_ENABLE_OBJC_ARC = YES;
				CLANG_WARN_BLOCK_CAPTURE_AUTORELEASING = YES;
				CLANG_WARN_BOOL_CONVERSION = YES;
				CLANG_WARN_COMMA = YES;
				CLANG_WARN_CONSTANT_CONVERSION = YES;
				CLANG_WARN_DIRECT_OBJC_ISA_USAGE = YES_ERROR;
				CLANG_WARN_DOCUMENTATION_COMMENTS = YES;
				CLANG_WARN_EMPTY_BODY = YES;
				CLANG_WARN_ENUM_CONVERSION = YES;
				CLANG_WARN_INFINITE_RECURSION = YES;
				CLANG_WARN_INT_CONVERSION = YES;
				CLANG_WARN_NON_LITERAL_NULL_CONVERSION = YES;
				CLANG_WARN_OBJC_LITERAL_CONVERSION = YES;
				CLANG_WARN_OBJC_ROOT_CLASS = YES_ERROR;
				CLANG_WARN_RANGE_LOOP_ANALYSIS = YES;
				CLANG_WARN_STRICT_PROTOTYPES = YES;
				CLANG_WARN_SUSPICIOUS_MOVE = YES;
				CLANG_WARN_UNGUARDED_AVAILABILITY = YES_AGGRESSIVE;
				CLANG_WARN_UNREACHABLE_CODE = YES;
				CLANG_WARN__DUPLICATE_METHOD_MATCH = YES;
				CODE_SIGN_IDENTITY = "iPhone Developer";
				COPY_PHASE_STRIP = NO;
				DEBUG_INFORMATION_FORMAT = "dwarf-with-dsym";
				ENABLE_NS_ASSERTIONS = NO;
				ENABLE_STRICT_OBJC_MSGSEND = YES;
				GCC_C_LANGUAGE_STANDARD = gnu11;
				GCC_NO_COMMON_BLOCKS = YES;
				GCC_WARN_64_TO_32_BIT_CONVERSION = YES;
				GCC_WARN_ABOUT_RETURN_TYPE = YES_ERROR;
				GCC_WARN_UNDECLARED_SELECTOR = YES;
				GCC_WARN_UNINITIALIZED_AUTOS = YES_AGGRESSIVE;
				GCC_WARN_UNUSED_FUNCTION = YES;
				GCC_WARN_UNUSED_VARIABLE = YES;
				IPHONEOS_DEPLOYMENT_TARGET = 11.1;
				MTL_ENABLE_DEBUG_INFO = NO;
				SDKROOT = iphoneos;
				SWIFT_OPTIMIZATION_LEVEL = "-Owholemodule";
				VALIDATE_PRODUCT = YES;
			};
			name = Release;
		};
		470110171FFB08C100AA4D9D /* Debug */ = {
			isa = XCBuildConfiguration;
			baseConfigurationReference = F1662F433D57C5CC9C5983AF /* Pods-FitTime.debug.xcconfig */;
			buildSettings = {
				ASSETCATALOG_COMPILER_APPICON_NAME = AppIcon;
				CODE_SIGN_ENTITLEMENTS = FitTime/FitTime.entitlements;
				CODE_SIGN_IDENTITY = "iPhone Developer";
				"CODE_SIGN_IDENTITY[sdk=iphoneos*]" = "iPhone Developer";
				CODE_SIGN_STYLE = Automatic;
				DEVELOPMENT_TEAM = H9K6VY5R2A;
				FRAMEWORK_SEARCH_PATHS = (
					"$(inherited)",
					"\"$PODS_CONFIGURATION_BUILD_DIR/Realm\"",
					"\"$PODS_CONFIGURATION_BUILD_DIR/RealmSwift\"",
					"\"$PODS_CONFIGURATION_BUILD_DIR/RxCocoa\"",
					"\"$PODS_CONFIGURATION_BUILD_DIR/RxSwift\"",
					"\"$PODS_CONFIGURATION_BUILD_DIR/SnapKit\"",
					"\"${PODS_ROOT}/Crashlytics/iOS\"",
					"\"${PODS_ROOT}/Fabric/iOS\"",
					"$(SRCROOT)",
				);
				INFOPLIST_FILE = FitTime/Info.plist;
				IPHONEOS_DEPLOYMENT_TARGET = 11.0;
				LD_RUNPATH_SEARCH_PATHS = "$(inherited) @executable_path/Frameworks";
				PRODUCT_BUNDLE_IDENTIFIER = com.LateRisers.FitTime;
				PRODUCT_NAME = "$(TARGET_NAME)";
				PROVISIONING_PROFILE = "ef1106f1-c585-46ef-89f4-9eeb6a51910f";
				PROVISIONING_PROFILE_SPECIFIER = "";
				SWIFT_VERSION = 4.0;
				TARGETED_DEVICE_FAMILY = "1,2";
			};
			name = Debug;
		};
		470110181FFB08C100AA4D9D /* Release */ = {
			isa = XCBuildConfiguration;
			baseConfigurationReference = 465BA40176C2900D9D63B46D /* Pods-FitTime.release.xcconfig */;
			buildSettings = {
				ASSETCATALOG_COMPILER_APPICON_NAME = AppIcon;
				CODE_SIGN_ENTITLEMENTS = FitTime/FitTime.entitlements;
				CODE_SIGN_IDENTITY = "iPhone Developer";
				"CODE_SIGN_IDENTITY[sdk=iphoneos*]" = "iPhone Distribution";
				CODE_SIGN_STYLE = Automatic;
				DEVELOPMENT_TEAM = H9K6VY5R2A;
				FRAMEWORK_SEARCH_PATHS = (
					"$(inherited)",
					"\"$PODS_CONFIGURATION_BUILD_DIR/Realm\"",
					"\"$PODS_CONFIGURATION_BUILD_DIR/RealmSwift\"",
					"\"$PODS_CONFIGURATION_BUILD_DIR/RxCocoa\"",
					"\"$PODS_CONFIGURATION_BUILD_DIR/RxSwift\"",
					"\"$PODS_CONFIGURATION_BUILD_DIR/SnapKit\"",
					"\"${PODS_ROOT}/Crashlytics/iOS\"",
					"\"${PODS_ROOT}/Fabric/iOS\"",
					"$(SRCROOT)",
				);
				INFOPLIST_FILE = FitTime/Info.plist;
				IPHONEOS_DEPLOYMENT_TARGET = 11.0;
				LD_RUNPATH_SEARCH_PATHS = "$(inherited) @executable_path/Frameworks";
				PRODUCT_BUNDLE_IDENTIFIER = com.LateRisers.FitTime;
				PRODUCT_NAME = "$(TARGET_NAME)";
				PROVISIONING_PROFILE = "4559d7a0-1162-4e0b-9aa3-42c7b9ecc9a8";
				PROVISIONING_PROFILE_SPECIFIER = "";
				SWIFT_VERSION = 4.0;
				TARGETED_DEVICE_FAMILY = "1,2";
			};
			name = Release;
		};
		47A736CD200D298B00EAAA6E /* AdHoc */ = {
			isa = XCBuildConfiguration;
			buildSettings = {
				ALWAYS_SEARCH_USER_PATHS = NO;
				CLANG_ANALYZER_NONNULL = YES;
				CLANG_ANALYZER_NUMBER_OBJECT_CONVERSION = YES_AGGRESSIVE;
				CLANG_CXX_LANGUAGE_STANDARD = "gnu++14";
				CLANG_CXX_LIBRARY = "libc++";
				CLANG_ENABLE_MODULES = YES;
				CLANG_ENABLE_OBJC_ARC = YES;
				CLANG_WARN_BLOCK_CAPTURE_AUTORELEASING = YES;
				CLANG_WARN_BOOL_CONVERSION = YES;
				CLANG_WARN_COMMA = YES;
				CLANG_WARN_CONSTANT_CONVERSION = YES;
				CLANG_WARN_DIRECT_OBJC_ISA_USAGE = YES_ERROR;
				CLANG_WARN_DOCUMENTATION_COMMENTS = YES;
				CLANG_WARN_EMPTY_BODY = YES;
				CLANG_WARN_ENUM_CONVERSION = YES;
				CLANG_WARN_INFINITE_RECURSION = YES;
				CLANG_WARN_INT_CONVERSION = YES;
				CLANG_WARN_NON_LITERAL_NULL_CONVERSION = YES;
				CLANG_WARN_OBJC_LITERAL_CONVERSION = YES;
				CLANG_WARN_OBJC_ROOT_CLASS = YES_ERROR;
				CLANG_WARN_RANGE_LOOP_ANALYSIS = YES;
				CLANG_WARN_STRICT_PROTOTYPES = YES;
				CLANG_WARN_SUSPICIOUS_MOVE = YES;
				CLANG_WARN_UNGUARDED_AVAILABILITY = YES_AGGRESSIVE;
				CLANG_WARN_UNREACHABLE_CODE = YES;
				CLANG_WARN__DUPLICATE_METHOD_MATCH = YES;
				CODE_SIGN_IDENTITY = "iPhone Developer";
				COPY_PHASE_STRIP = NO;
				DEBUG_INFORMATION_FORMAT = dwarf;
				ENABLE_STRICT_OBJC_MSGSEND = YES;
				ENABLE_TESTABILITY = YES;
				GCC_C_LANGUAGE_STANDARD = gnu11;
				GCC_DYNAMIC_NO_PIC = NO;
				GCC_NO_COMMON_BLOCKS = YES;
				GCC_OPTIMIZATION_LEVEL = 0;
				GCC_PREPROCESSOR_DEFINITIONS = (
					"DEBUG=1",
					"$(inherited)",
				);
				GCC_WARN_64_TO_32_BIT_CONVERSION = YES;
				GCC_WARN_ABOUT_RETURN_TYPE = YES_ERROR;
				GCC_WARN_UNDECLARED_SELECTOR = YES;
				GCC_WARN_UNINITIALIZED_AUTOS = YES_AGGRESSIVE;
				GCC_WARN_UNUSED_FUNCTION = YES;
				GCC_WARN_UNUSED_VARIABLE = YES;
				IPHONEOS_DEPLOYMENT_TARGET = 11.1;
				MTL_ENABLE_DEBUG_INFO = YES;
				ONLY_ACTIVE_ARCH = YES;
				SDKROOT = iphoneos;
				SWIFT_ACTIVE_COMPILATION_CONDITIONS = DEBUG;
				SWIFT_OPTIMIZATION_LEVEL = "-Onone";
			};
			name = AdHoc;
		};
		47A736CE200D298B00EAAA6E /* AdHoc */ = {
			isa = XCBuildConfiguration;
			baseConfigurationReference = 9482BA618494C256620A0F35 /* Pods-FitTime.adhoc.xcconfig */;
			buildSettings = {
				ASSETCATALOG_COMPILER_APPICON_NAME = AppIcon;
				CODE_SIGN_ENTITLEMENTS = FitTime/FitTime.entitlements;
				CODE_SIGN_IDENTITY = "iPhone Developer";
				"CODE_SIGN_IDENTITY[sdk=iphoneos*]" = "iPhone Distribution";
				CODE_SIGN_STYLE = Automatic;
				DEVELOPMENT_TEAM = H9K6VY5R2A;
				FRAMEWORK_SEARCH_PATHS = (
					"$(inherited)",
					"\"$PODS_CONFIGURATION_BUILD_DIR/Realm\"",
					"\"$PODS_CONFIGURATION_BUILD_DIR/RealmSwift\"",
					"\"$PODS_CONFIGURATION_BUILD_DIR/RxCocoa\"",
					"\"$PODS_CONFIGURATION_BUILD_DIR/RxSwift\"",
					"\"$PODS_CONFIGURATION_BUILD_DIR/SnapKit\"",
					"\"${PODS_ROOT}/Crashlytics/iOS\"",
					"\"${PODS_ROOT}/Fabric/iOS\"",
					"$(SRCROOT)",
				);
				INFOPLIST_FILE = FitTime/Info.plist;
				IPHONEOS_DEPLOYMENT_TARGET = 11.0;
				LD_RUNPATH_SEARCH_PATHS = "$(inherited) @executable_path/Frameworks";
				PRODUCT_BUNDLE_IDENTIFIER = com.LateRisers.FitTime;
				PRODUCT_NAME = "$(TARGET_NAME)";
				PROVISIONING_PROFILE = "f7419678-04a5-4aff-8a32-280645576320";
				PROVISIONING_PROFILE_SPECIFIER = "";
				SWIFT_VERSION = 4.0;
				TARGETED_DEVICE_FAMILY = "1,2";
			};
			name = AdHoc;
		};
		47DBAE572160A00B00CEC2F1 /* Debug */ = {
			isa = XCBuildConfiguration;
			buildSettings = {
				ASSETCATALOG_COMPILER_COMPLICATION_NAME = Complication;
				CLANG_ENABLE_OBJC_WEAK = YES;
				CLANG_WARN_DEPRECATED_OBJC_IMPLEMENTATIONS = YES;
				CLANG_WARN_OBJC_IMPLICIT_RETAIN_SELF = YES;
				CODE_SIGN_ENTITLEMENTS = "FitRisersWatch Extension/FitRisersWatch Extension.entitlements";
				CODE_SIGN_STYLE = Automatic;
				DEVELOPMENT_TEAM = H9K6VY5R2A;
				INFOPLIST_FILE = "FitRisersWatch Extension/Info.plist";
				LD_RUNPATH_SEARCH_PATHS = "$(inherited) @executable_path/Frameworks @executable_path/../../Frameworks";
				MTL_ENABLE_DEBUG_INFO = INCLUDE_SOURCE;
				MTL_FAST_MATH = YES;
				PRODUCT_BUNDLE_IDENTIFIER = com.LateRisers.FitTime.watchkitapp.watchkitextension;
				PRODUCT_NAME = "${TARGET_NAME}";
				SDKROOT = watchos;
				SKIP_INSTALL = YES;
				SWIFT_VERSION = 4.2;
				TARGETED_DEVICE_FAMILY = 4;
				WATCHOS_DEPLOYMENT_TARGET = 4.0;
			};
			name = Debug;
		};
		47DBAE582160A00B00CEC2F1 /* AdHoc */ = {
			isa = XCBuildConfiguration;
			buildSettings = {
				ASSETCATALOG_COMPILER_COMPLICATION_NAME = Complication;
				CLANG_ENABLE_OBJC_WEAK = YES;
				CLANG_WARN_DEPRECATED_OBJC_IMPLEMENTATIONS = YES;
				CLANG_WARN_OBJC_IMPLICIT_RETAIN_SELF = YES;
				CODE_SIGN_ENTITLEMENTS = "FitRisersWatch Extension/FitRisersWatch Extension.entitlements";
				CODE_SIGN_STYLE = Automatic;
				DEVELOPMENT_TEAM = H9K6VY5R2A;
				INFOPLIST_FILE = "FitRisersWatch Extension/Info.plist";
				LD_RUNPATH_SEARCH_PATHS = "$(inherited) @executable_path/Frameworks @executable_path/../../Frameworks";
				MTL_FAST_MATH = YES;
				PRODUCT_BUNDLE_IDENTIFIER = com.LateRisers.FitTime.watchkitapp.watchkitextension;
				PRODUCT_NAME = "${TARGET_NAME}";
				SDKROOT = watchos;
				SKIP_INSTALL = YES;
				SWIFT_VERSION = 4.2;
				TARGETED_DEVICE_FAMILY = 4;
				WATCHOS_DEPLOYMENT_TARGET = 4.0;
			};
			name = AdHoc;
		};
		47DBAE592160A00B00CEC2F1 /* Release */ = {
			isa = XCBuildConfiguration;
			buildSettings = {
				ASSETCATALOG_COMPILER_COMPLICATION_NAME = Complication;
				CLANG_ENABLE_OBJC_WEAK = YES;
				CLANG_WARN_DEPRECATED_OBJC_IMPLEMENTATIONS = YES;
				CLANG_WARN_OBJC_IMPLICIT_RETAIN_SELF = YES;
				CODE_SIGN_ENTITLEMENTS = "FitRisersWatch Extension/FitRisersWatch Extension.entitlements";
				CODE_SIGN_STYLE = Automatic;
				DEVELOPMENT_TEAM = H9K6VY5R2A;
				INFOPLIST_FILE = "FitRisersWatch Extension/Info.plist";
				LD_RUNPATH_SEARCH_PATHS = "$(inherited) @executable_path/Frameworks @executable_path/../../Frameworks";
				MTL_FAST_MATH = YES;
				PRODUCT_BUNDLE_IDENTIFIER = com.LateRisers.FitTime.watchkitapp.watchkitextension;
				PRODUCT_NAME = "${TARGET_NAME}";
				SDKROOT = watchos;
				SKIP_INSTALL = YES;
				SWIFT_VERSION = 4.2;
				TARGETED_DEVICE_FAMILY = 4;
				WATCHOS_DEPLOYMENT_TARGET = 4.0;
			};
			name = Release;
		};
		47DBAE5C2160A00B00CEC2F1 /* Debug */ = {
			isa = XCBuildConfiguration;
			buildSettings = {
				ALWAYS_EMBED_SWIFT_STANDARD_LIBRARIES = YES;
				ASSETCATALOG_COMPILER_APPICON_NAME = AppIcon;
				CLANG_ENABLE_MODULES = YES;
				CLANG_ENABLE_OBJC_WEAK = YES;
				CLANG_WARN_DEPRECATED_OBJC_IMPLEMENTATIONS = YES;
				CLANG_WARN_OBJC_IMPLICIT_RETAIN_SELF = YES;
				CODE_SIGN_STYLE = Automatic;
				DEVELOPMENT_TEAM = H9K6VY5R2A;
				IBSC_MODULE = FitRisersWatch_Extension;
				INFOPLIST_FILE = FitRisersWatch/Info.plist;
				LD_RUNPATH_SEARCH_PATHS = "$(inherited) @executable_path/../Frameworks @loader_path/../Frameworks";
				MTL_ENABLE_DEBUG_INFO = INCLUDE_SOURCE;
				MTL_FAST_MATH = YES;
				PRODUCT_BUNDLE_IDENTIFIER = com.LateRisers.FitTime.watchkitapp;
				PRODUCT_NAME = "$(TARGET_NAME)";
				SDKROOT = watchos;
				SKIP_INSTALL = YES;
				SWIFT_OPTIMIZATION_LEVEL = "-Onone";
				SWIFT_VERSION = 4.2;
				TARGETED_DEVICE_FAMILY = 4;
				WATCHOS_DEPLOYMENT_TARGET = 4.0;
			};
			name = Debug;
		};
		47DBAE5D2160A00B00CEC2F1 /* AdHoc */ = {
			isa = XCBuildConfiguration;
			buildSettings = {
				ALWAYS_EMBED_SWIFT_STANDARD_LIBRARIES = YES;
				ASSETCATALOG_COMPILER_APPICON_NAME = AppIcon;
				CLANG_ENABLE_MODULES = YES;
				CLANG_ENABLE_OBJC_WEAK = YES;
				CLANG_WARN_DEPRECATED_OBJC_IMPLEMENTATIONS = YES;
				CLANG_WARN_OBJC_IMPLICIT_RETAIN_SELF = YES;
				CODE_SIGN_STYLE = Automatic;
				DEVELOPMENT_TEAM = H9K6VY5R2A;
				IBSC_MODULE = FitRisersWatch_Extension;
				INFOPLIST_FILE = FitRisersWatch/Info.plist;
				LD_RUNPATH_SEARCH_PATHS = "$(inherited) @executable_path/../Frameworks @loader_path/../Frameworks";
				MTL_FAST_MATH = YES;
				PRODUCT_BUNDLE_IDENTIFIER = com.LateRisers.FitTime.watchkitapp;
				PRODUCT_NAME = "$(TARGET_NAME)";
				SDKROOT = watchos;
				SKIP_INSTALL = YES;
				SWIFT_OPTIMIZATION_LEVEL = "-Onone";
				SWIFT_VERSION = 4.2;
				TARGETED_DEVICE_FAMILY = 4;
				WATCHOS_DEPLOYMENT_TARGET = 4.0;
			};
			name = AdHoc;
		};
		47DBAE5E2160A00B00CEC2F1 /* Release */ = {
			isa = XCBuildConfiguration;
			buildSettings = {
				ALWAYS_EMBED_SWIFT_STANDARD_LIBRARIES = YES;
				ASSETCATALOG_COMPILER_APPICON_NAME = AppIcon;
				CLANG_ENABLE_MODULES = YES;
				CLANG_ENABLE_OBJC_WEAK = YES;
				CLANG_WARN_DEPRECATED_OBJC_IMPLEMENTATIONS = YES;
				CLANG_WARN_OBJC_IMPLICIT_RETAIN_SELF = YES;
				CODE_SIGN_STYLE = Automatic;
				DEVELOPMENT_TEAM = H9K6VY5R2A;
				IBSC_MODULE = FitRisersWatch_Extension;
				INFOPLIST_FILE = FitRisersWatch/Info.plist;
				LD_RUNPATH_SEARCH_PATHS = "$(inherited) @executable_path/../Frameworks @loader_path/../Frameworks";
				MTL_FAST_MATH = YES;
				PRODUCT_BUNDLE_IDENTIFIER = com.LateRisers.FitTime.watchkitapp;
				PRODUCT_NAME = "$(TARGET_NAME)";
				SDKROOT = watchos;
				SKIP_INSTALL = YES;
				SWIFT_VERSION = 4.2;
				TARGETED_DEVICE_FAMILY = 4;
				WATCHOS_DEPLOYMENT_TARGET = 4.0;
			};
			name = Release;
		};
/* End XCBuildConfiguration section */

/* Begin XCConfigurationList section */
		47010FFC1FFB08C000AA4D9D /* Build configuration list for PBXProject "FitTime" */ = {
			isa = XCConfigurationList;
			buildConfigurations = (
				470110141FFB08C100AA4D9D /* Debug */,
				47A736CD200D298B00EAAA6E /* AdHoc */,
				470110151FFB08C100AA4D9D /* Release */,
			);
			defaultConfigurationIsVisible = 0;
			defaultConfigurationName = Release;
		};
		470110161FFB08C100AA4D9D /* Build configuration list for PBXNativeTarget "FitTime" */ = {
			isa = XCConfigurationList;
			buildConfigurations = (
				470110171FFB08C100AA4D9D /* Debug */,
				47A736CE200D298B00EAAA6E /* AdHoc */,
				470110181FFB08C100AA4D9D /* Release */,
			);
			defaultConfigurationIsVisible = 0;
			defaultConfigurationName = Release;
		};
		47DBAE562160A00B00CEC2F1 /* Build configuration list for PBXNativeTarget "FitRisersWatch Extension" */ = {
			isa = XCConfigurationList;
			buildConfigurations = (
				47DBAE572160A00B00CEC2F1 /* Debug */,
				47DBAE582160A00B00CEC2F1 /* AdHoc */,
				47DBAE592160A00B00CEC2F1 /* Release */,
			);
			defaultConfigurationIsVisible = 0;
			defaultConfigurationName = Release;
		};
		47DBAE5B2160A00B00CEC2F1 /* Build configuration list for PBXNativeTarget "FitRisersWatch" */ = {
			isa = XCConfigurationList;
			buildConfigurations = (
				47DBAE5C2160A00B00CEC2F1 /* Debug */,
				47DBAE5D2160A00B00CEC2F1 /* AdHoc */,
				47DBAE5E2160A00B00CEC2F1 /* Release */,
			);
			defaultConfigurationIsVisible = 0;
			defaultConfigurationName = Release;
		};
/* End XCConfigurationList section */

/* Begin XCVersionGroup section */
		4701100B1FFB08C100AA4D9D /* FitTime.xcdatamodeld */ = {
			isa = XCVersionGroup;
			children = (
				4701100C1FFB08C100AA4D9D /* FitTime.xcdatamodel */,
			);
			currentVersion = 4701100C1FFB08C100AA4D9D /* FitTime.xcdatamodel */;
			path = FitTime.xcdatamodeld;
			sourceTree = "<group>";
			versionGroupType = wrapper.xcdatamodel;
		};
/* End XCVersionGroup section */
	};
	rootObject = 47010FF91FFB08C000AA4D9D /* Project object */;
}
